
Microsoft Visual Studio Solution File, Format Version 12.00
# Visual Studio Version 17
VisualStudioVersion = 17.14.36327.8
MinimumVisualStudioVersion = 10.0.40219.1
Project("{FAE04EC0-301F-11D3-BF4B-00C04F79EFBC}") = "MudBlazor.JsonForms.Demo", "MudBlazor.JsonForms.Demo.csproj", "{B5F18CB3-24C3-463A-89F0-2CC0DF837DF2}"
EndProject
Project("{FAE04EC0-301F-11D3-BF4B-00C04F79EFBC}") = "Orbyss.Blazor.MudBlazor.JsonForms", "..\..\..\src\Orbyss.Blazor.MudBlazor.JsonForms.csproj", "{2871322F-72FB-CF13-2A67-04DACA4C5093}"
EndProject
Global
	GlobalSection(SolutionConfigurationPlatforms) = preSolution
		Debug|Any CPU = Debug|Any CPU
		Release|Any CPU = Release|Any CPU
	EndGlobalSection
	GlobalSection(ProjectConfigurationPlatforms) = postSolution
		{B5F18CB3-24C3-463A-89F0-2CC0DF837DF2}.Debug|Any CPU.ActiveCfg = Debug|Any CPU
		{B5F18CB3-24C3-463A-89F0-2CC0DF837DF2}.Debug|Any CPU.Build.0 = Debug|Any CPU
		{B5F18CB3-24C3-463A-89F0-2CC0DF837DF2}.Debug|Any CPU.Deploy.0 = Debug|Any CPU
		{B5F18CB3-24C3-463A-89F0-2CC0DF837DF2}.Release|Any CPU.ActiveCfg = Release|Any CPU
		{B5F18CB3-24C3-463A-89F0-2CC0DF837DF2}.Release|Any CPU.Build.0 = Release|Any CPU
		{B5F18CB3-24C3-463A-89F0-2CC0DF837DF2}.Release|Any CPU.Deploy.0 = Release|Any CPU
		{2871322F-72FB-CF13-2A67-04DACA4C5093}.Debug|Any CPU.ActiveCfg = Debug|Any CPU
		{2871322F-72FB-CF13-2A67-04DACA4C5093}.Debug|Any CPU.Build.0 = Debug|Any CPU
		{2871322F-72FB-CF13-2A67-04DACA4C5093}.Release|Any CPU.ActiveCfg = Release|Any CPU
		{2871322F-72FB-CF13-2A67-04DACA4C5093}.Release|Any CPU.Build.0 = Release|Any CPU
	EndGlobalSection
	GlobalSection(SolutionProperties) = preSolution
		HideSolutionNode = FALSE
	EndGlobalSection
	GlobalSection(ExtensibilityGlobals) = postSolution
		SolutionGuid = {D6C2706F-C473-46DE-8F92-675DB10E8B41}
	EndGlobalSection
EndGlobal
